
Microsoft Visual Studio Solution File, Format Version 12.00
# Visual Studio 15
VisualStudioVersion = 15.0.28307.1000
MinimumVisualStudioVersion = 10.0.40219.1
Project("{FAE04EC0-301F-11D3-BF4B-00C04F79EFBC}") = "PMS_Application.Android", "PMS_Application\PMS_Application.Android\PMS_Application.Android.csproj", "{E4AEFF9F-4106-4927-9D74-9372B9F404D0}"
EndProject
Project("{FAE04EC0-301F-11D3-BF4B-00C04F79EFBC}") = "PMS_Application.iOS", "PMS_Application\PMS_Application.iOS\PMS_Application.iOS.csproj", "{D0F9F556-EE88-4051-8C5F-96ADC7AC4D39}"
EndProject
Project("{FAE04EC0-301F-11D3-BF4B-00C04F79EFBC}") = "PMS_Application", "PMS_Application\PMS_Application\PMS_Application.csproj", "{DD70ABC5-115D-41A6-99DE-F4699E258125}"
EndProject
Global
	GlobalSection(SolutionConfigurationPlatforms) = preSolution
		Ad-Hoc|Any CPU = Ad-Hoc|Any CPU
		Ad-Hoc|iPhone = Ad-Hoc|iPhone
		Ad-Hoc|iPhoneSimulator = Ad-Hoc|iPhoneSimulator
		AppStore|Any CPU = AppStore|Any CPU
		AppStore|iPhone = AppStore|iPhone
		AppStore|iPhoneSimulator = AppStore|iPhoneSimulator
		Debug|Any CPU = Debug|Any CPU
		Debug|iPhone = Debug|iPhone
		Debug|iPhoneSimulator = Debug|iPhoneSimulator
		Release|Any CPU = Release|Any CPU
		Release|iPhone = Release|iPhone
		Release|iPhoneSimulator = Release|iPhoneSimulator
	EndGlobalSection
	GlobalSection(ProjectConfigurationPlatforms) = postSolution
		{E4AEFF9F-4106-4927-9D74-9372B9F404D0}.Ad-Hoc|Any CPU.ActiveCfg = Release|Any CPU
		{E4AEFF9F-4106-4927-9D74-9372B9F404D0}.Ad-Hoc|Any CPU.Build.0 = Release|Any CPU
		{E4AEFF9F-4106-4927-9D74-9372B9F404D0}.Ad-Hoc|Any CPU.Deploy.0 = Release|Any CPU
		{E4AEFF9F-4106-4927-9D74-9372B9F404D0}.Ad-Hoc|iPhone.ActiveCfg = Release|Any CPU
		{E4AEFF9F-4106-4927-9D74-9372B9F404D0}.Ad-Hoc|iPhone.Build.0 = Release|Any CPU
		{E4AEFF9F-4106-4927-9D74-9372B9F404D0}.Ad-Hoc|iPhone.Deploy.0 = Release|Any CPU
		{E4AEFF9F-4106-4927-9D74-9372B9F404D0}.Ad-Hoc|iPhoneSimulator.ActiveCfg = Release|Any CPU
		{E4AEFF9F-4106-4927-9D74-9372B9F404D0}.Ad-Hoc|iPhoneSimulator.Build.0 = Release|Any CPU
		{E4AEFF9F-4106-4927-9D74-9372B9F404D0}.Ad-Hoc|iPhoneSimulator.Deploy.0 = Release|Any CPU
		{E4AEFF9F-4106-4927-9D74-9372B9F404D0}.AppStore|Any CPU.ActiveCfg = Release|Any CPU
		{E4AEFF9F-4106-4927-9D74-9372B9F404D0}.AppStore|Any CPU.Build.0 = Release|Any CPU
		{E4AEFF9F-4106-4927-9D74-9372B9F404D0}.AppStore|Any CPU.Deploy.0 = Release|Any CPU
		{E4AEFF9F-4106-4927-9D74-9372B9F404D0}.AppStore|iPhone.ActiveCfg = Release|Any CPU
		{E4AEFF9F-4106-4927-9D74-9372B9F404D0}.AppStore|iPhone.Build.0 = Release|Any CPU
		{E4AEFF9F-4106-4927-9D74-9372B9F404D0}.AppStore|iPhone.Deploy.0 = Release|Any CPU
		{E4AEFF9F-4106-4927-9D74-9372B9F404D0}.AppStore|iPhoneSimulator.ActiveCfg = Release|Any CPU
		{E4AEFF9F-4106-4927-9D74-9372B9F404D0}.AppStore|iPhoneSimulator.Build.0 = Release|Any CPU
		{E4AEFF9F-4106-4927-9D74-9372B9F404D0}.AppStore|iPhoneSimulator.Deploy.0 = Release|Any CPU
		{E4AEFF9F-4106-4927-9D74-9372B9F404D0}.Debug|Any CPU.ActiveCfg = Debug|Any CPU
		{E4AEFF9F-4106-4927-9D74-9372B9F404D0}.Debug|Any CPU.Build.0 = Debug|Any CPU
		{E4AEFF9F-4106-4927-9D74-9372B9F404D0}.Debug|Any CPU.Deploy.0 = Debug|Any CPU
		{E4AEFF9F-4106-4927-9D74-9372B9F404D0}.Debug|iPhone.ActiveCfg = Debug|Any CPU
		{E4AEFF9F-4106-4927-9D74-9372B9F404D0}.Debug|iPhone.Build.0 = Debug|Any CPU
		{E4AEFF9F-4106-4927-9D74-9372B9F404D0}.Debug|iPhone.Deploy.0 = Debug|Any CPU
		{E4AEFF9F-4106-4927-9D74-9372B9F404D0}.Debug|iPhoneSimulator.ActiveCfg = Debug|Any CPU
		{E4AEFF9F-4106-4927-9D74-9372B9F404D0}.Debug|iPhoneSimulator.Build.0 = Debug|Any CPU
		{E4AEFF9F-4106-4927-9D74-9372B9F404D0}.Debug|iPhoneSimulator.Deploy.0 = Debug|Any CPU
		{E4AEFF9F-4106-4927-9D74-9372B9F404D0}.Release|Any CPU.ActiveCfg = Release|Any CPU
		{E4AEFF9F-4106-4927-9D74-9372B9F404D0}.Release|Any CPU.Build.0 = Release|Any CPU
		{E4AEFF9F-4106-4927-9D74-9372B9F404D0}.Release|Any CPU.Deploy.0 = Release|Any CPU
		{E4AEFF9F-4106-4927-9D74-9372B9F404D0}.Release|iPhone.ActiveCfg = Release|Any CPU
		{E4AEFF9F-4106-4927-9D74-9372B9F404D0}.Release|iPhone.Build.0 = Release|Any CPU
		{E4AEFF9F-4106-4927-9D74-9372B9F404D0}.Release|iPhone.Deploy.0 = Release|Any CPU
		{E4AEFF9F-4106-4927-9D74-9372B9F404D0}.Release|iPhoneSimulator.ActiveCfg = Release|Any CPU
		{E4AEFF9F-4106-4927-9D74-9372B9F404D0}.Release|iPhoneSimulator.Build.0 = Release|Any CPU
		{E4AEFF9F-4106-4927-9D74-9372B9F404D0}.Release|iPhoneSimulator.Deploy.0 = Release|Any CPU
		{D0F9F556-EE88-4051-8C5F-96ADC7AC4D39}.Ad-Hoc|Any CPU.ActiveCfg = Ad-Hoc|iPhone
		{D0F9F556-EE88-4051-8C5F-96ADC7AC4D39}.Ad-Hoc|Any CPU.Build.0 = Ad-Hoc|iPhone
		{D0F9F556-EE88-4051-8C5F-96ADC7AC4D39}.Ad-Hoc|Any CPU.Deploy.0 = Ad-Hoc|iPhone
		{D0F9F556-EE88-4051-8C5F-96ADC7AC4D39}.Ad-Hoc|iPhone.ActiveCfg = Ad-Hoc|iPhone
		{D0F9F556-EE88-4051-8C5F-96ADC7AC4D39}.Ad-Hoc|iPhone.Build.0 = Ad-Hoc|iPhone
		{D0F9F556-EE88-4051-8C5F-96ADC7AC4D39}.Ad-Hoc|iPhone.Deploy.0 = Ad-Hoc|iPhone
		{D0F9F556-EE88-4051-8C5F-96ADC7AC4D39}.Ad-Hoc|iPhoneSimulator.ActiveCfg = Ad-Hoc|iPhoneSimulator
		{D0F9F556-EE88-4051-8C5F-96ADC7AC4D39}.Ad-Hoc|iPhoneSimulator.Build.0 = Ad-Hoc|iPhoneSimulator
		{D0F9F556-EE88-4051-8C5F-96ADC7AC4D39}.Ad-Hoc|iPhoneSimulator.Deploy.0 = Ad-Hoc|iPhoneSimulator
		{D0F9F556-EE88-4051-8C5F-96ADC7AC4D39}.AppStore|Any CPU.ActiveCfg = AppStore|iPhone
		{D0F9F556-EE88-4051-8C5F-96ADC7AC4D39}.AppStore|Any CPU.Build.0 = AppStore|iPhone
		{D0F9F556-EE88-4051-8C5F-96ADC7AC4D39}.AppStore|Any CPU.Deploy.0 = AppStore|iPhone
		{D0F9F556-EE88-4051-8C5F-96ADC7AC4D39}.AppStore|iPhone.ActiveCfg = AppStore|iPhone
		{D0F9F556-EE88-4051-8C5F-96ADC7AC4D39}.AppStore|iPhone.Build.0 = AppStore|iPhone
		{D0F9F556-EE88-4051-8C5F-96ADC7AC4D39}.AppStore|iPhone.Deploy.0 = AppStore|iPhone
		{D0F9F556-EE88-4051-8C5F-96ADC7AC4D39}.AppStore|iPhoneSimulator.ActiveCfg = AppStore|iPhoneSimulator
		{D0F9F556-EE88-4051-8C5F-96ADC7AC4D39}.AppStore|iPhoneSimulator.Build.0 = AppStore|iPhoneSimulator
		{D0F9F556-EE88-4051-8C5F-96ADC7AC4D39}.AppStore|iPhoneSimulator.Deploy.0 = AppStore|iPhoneSimulator
		{D0F9F556-EE88-4051-8C5F-96ADC7AC4D39}.Debug|Any CPU.ActiveCfg = Debug|iPhoneSimulator
		{D0F9F556-EE88-4051-8C5F-96ADC7AC4D39}.Debug|Any CPU.Build.0 = Debug|iPhoneSimulator
		{D0F9F556-EE88-4051-8C5F-96ADC7AC4D39}.Debug|Any CPU.Deploy.0 = Debug|iPhoneSimulator
		{D0F9F556-EE88-4051-8C5F-96ADC7AC4D39}.Debug|iPhone.ActiveCfg = Debug|iPhone
		{D0F9F556-EE88-4051-8C5F-96ADC7AC4D39}.Debug|iPhone.Build.0 = Debug|iPhone
		{D0F9F556-EE88-4051-8C5F-96ADC7AC4D39}.Debug|iPhone.Deploy.0 = Debug|iPhone
		{D0F9F556-EE88-4051-8C5F-96ADC7AC4D39}.Debug|iPhoneSimulator.ActiveCfg = Debug|iPhoneSimulator
		{D0F9F556-EE88-4051-8C5F-96ADC7AC4D39}.Debug|iPhoneSimulator.Build.0 = Debug|iPhoneSimulator
		{D0F9F556-EE88-4051-8C5F-96ADC7AC4D39}.Debug|iPhoneSimulator.Deploy.0 = Debug|iPhoneSimulator
		{D0F9F556-EE88-4051-8C5F-96ADC7AC4D39}.Release|Any CPU.ActiveCfg = Release|iPhone
		{D0F9F556-EE88-4051-8C5F-96ADC7AC4D39}.Release|Any CPU.Build.0 = Release|iPhone
		{D0F9F556-EE88-4051-8C5F-96ADC7AC4D39}.Release|Any CPU.Deploy.0 = Release|iPhone
		{D0F9F556-EE88-4051-8C5F-96ADC7AC4D39}.Release|iPhone.ActiveCfg = Release|iPhone
		{D0F9F556-EE88-4051-8C5F-96ADC7AC4D39}.Release|iPhone.Build.0 = Release|iPhone
		{D0F9F556-EE88-4051-8C5F-96ADC7AC4D39}.Release|iPhone.Deploy.0 = Release|iPhone
		{D0F9F556-EE88-4051-8C5F-96ADC7AC4D39}.Release|iPhoneSimulator.ActiveCfg = Release|iPhoneSimulator
		{D0F9F556-EE88-4051-8C5F-96ADC7AC4D39}.Release|iPhoneSimulator.Build.0 = Release|iPhoneSimulator
		{D0F9F556-EE88-4051-8C5F-96ADC7AC4D39}.Release|iPhoneSimulator.Deploy.0 = Release|iPhoneSimulator
		{DD70ABC5-115D-41A6-99DE-F4699E258125}.Ad-Hoc|Any CPU.ActiveCfg = Debug|Any CPU
		{DD70ABC5-115D-41A6-99DE-F4699E258125}.Ad-Hoc|Any CPU.Build.0 = Debug|Any CPU
		{DD70ABC5-115D-41A6-99DE-F4699E258125}.Ad-Hoc|Any CPU.Deploy.0 = Debug|Any CPU
		{DD70ABC5-115D-41A6-99DE-F4699E258125}.Ad-Hoc|iPhone.ActiveCfg = Debug|Any CPU
		{DD70ABC5-115D-41A6-99DE-F4699E258125}.Ad-Hoc|iPhone.Build.0 = Debug|Any CPU
		{DD70ABC5-115D-41A6-99DE-F4699E258125}.Ad-Hoc|iPhone.Deploy.0 = Debug|Any CPU
		{DD70ABC5-115D-41A6-99DE-F4699E258125}.Ad-Hoc|iPhoneSimulator.ActiveCfg = Debug|Any CPU
		{DD70ABC5-115D-41A6-99DE-F4699E258125}.Ad-Hoc|iPhoneSimulator.Build.0 = Debug|Any CPU
		{DD70ABC5-115D-41A6-99DE-F4699E258125}.Ad-Hoc|iPhoneSimulator.Deploy.0 = Debug|Any CPU
		{DD70ABC5-115D-41A6-99DE-F4699E258125}.AppStore|Any CPU.ActiveCfg = Debug|Any CPU
		{DD70ABC5-115D-41A6-99DE-F4699E258125}.AppStore|Any CPU.Build.0 = Debug|Any CPU
		{DD70ABC5-115D-41A6-99DE-F4699E258125}.AppStore|Any CPU.Deploy.0 = Debug|Any CPU
		{DD70ABC5-115D-41A6-99DE-F4699E258125}.AppStore|iPhone.ActiveCfg = Debug|Any CPU
		{DD70ABC5-115D-41A6-99DE-F4699E258125}.AppStore|iPhone.Build.0 = Debug|Any CPU
		{DD70ABC5-115D-41A6-99DE-F4699E258125}.AppStore|iPhone.Deploy.0 = Debug|Any CPU
		{DD70ABC5-115D-41A6-99DE-F4699E258125}.AppStore|iPhoneSimulator.ActiveCfg = Debug|Any CPU
		{DD70ABC5-115D-41A6-99DE-F4699E258125}.AppStore|iPhoneSimulator.Build.0 = Debug|Any CPU
		{DD70ABC5-115D-41A6-99DE-F4699E258125}.AppStore|iPhoneSimulator.Deploy.0 = Debug|Any CPU
		{DD70ABC5-115D-41A6-99DE-F4699E258125}.Debug|Any CPU.ActiveCfg = Debug|Any CPU
		{DD70ABC5-115D-41A6-99DE-F4699E258125}.Debug|Any CPU.Build.0 = Debug|Any CPU
		{DD70ABC5-115D-41A6-99DE-F4699E258125}.Debug|Any CPU.Deploy.0 = Debug|Any CPU
		{DD70ABC5-115D-41A6-99DE-F4699E258125}.Debug|iPhone.ActiveCfg = Debug|Any CPU
		{DD70ABC5-115D-41A6-99DE-F4699E258125}.Debug|iPhone.Build.0 = Debug|Any CPU
		{DD70ABC5-115D-41A6-99DE-F4699E258125}.Debug|iPhone.Deploy.0 = Debug|Any CPU
		{DD70ABC5-115D-41A6-99DE-F4699E258125}.Debug|iPhoneSimulator.ActiveCfg = Debug|Any CPU
		{DD70ABC5-115D-41A6-99DE-F4699E258125}.Debug|iPhoneSimulator.Build.0 = Debug|Any CPU
		{DD70ABC5-115D-41A6-99DE-F4699E258125}.Debug|iPhoneSimulator.Deploy.0 = Debug|Any CPU
		{DD70ABC5-115D-41A6-99DE-F4699E258125}.Release|Any CPU.ActiveCfg = Release|Any CPU
		{DD70ABC5-115D-41A6-99DE-F4699E258125}.Release|Any CPU.Build.0 = Release|Any CPU
		{DD70ABC5-115D-41A6-99DE-F4699E258125}.Release|Any CPU.Deploy.0 = Release|Any CPU
		{DD70ABC5-115D-41A6-99DE-F4699E258125}.Release|iPhone.ActiveCfg = Release|Any CPU
		{DD70ABC5-115D-41A6-99DE-F4699E258125}.Release|iPhone.Build.0 = Release|Any CPU
		{DD70ABC5-115D-41A6-99DE-F4699E258125}.Release|iPhone.Deploy.0 = Release|Any CPU
		{DD70ABC5-115D-41A6-99DE-F4699E258125}.Release|iPhoneSimulator.ActiveCfg = Release|Any CPU
		{DD70ABC5-115D-41A6-99DE-F4699E258125}.Release|iPhoneSimulator.Build.0 = Release|Any CPU
		{DD70ABC5-115D-41A6-99DE-F4699E258125}.Release|iPhoneSimulator.Deploy.0 = Release|Any CPU
	EndGlobalSection
	GlobalSection(SolutionProperties) = preSolution
		HideSolutionNode = FALSE
	EndGlobalSection
	GlobalSection(ExtensibilityGlobals) = postSolution
		SolutionGuid = {D465B16D-2914-4D28-A244-B468D63C69CE}
	EndGlobalSection
EndGlobal
